{
  "version": 4,
  "terraform_version": "1.10.4",
  "serial": 85,
  "lineage": "74d01f69-6bf5-9af0-f53c-93bddb44e2a4",
  "outputs": {},
  "resources": [
    {
      "mode": "managed",
      "type": "cdo_ftd_device",
      "name": "example",
      "provider": "provider[\"registry.terraform.io/local/cdo\"]",
      "instances": [
        {
          "status": "tainted",
          "schema_version": 0,
          "attributes": {
            "access_policy_uuid": "06F4EDCB-882F-0ed3-0000-004294967299",
            "admin_password": "Cisco1@3",
            "id": "41ddd84b-5887-4fda-bf20-5d9196ea794f",
            "name": "my-ftd-device",
            "serial_number": "FOC2743387A",
            "timeouts": null
          },
          "sensitive_attributes": [],
          "private": "eyJlMmJmYjczMC1lY2FhLTExZTYtOGY4OC0zNDM2M2JjN2M0YzAiOnsiY3JlYXRlIjoxODAwMDAwMDAwMDAwLCJkZWxldGUiOjE4MDAwMDAwMDAwMDB9fQ=="
        }
      ]
    }
  ],
  "check_results": null
}
